
Microsoft Visual Studio Solution File, Format Version 12.00
# Visual Studio 15
VisualStudioVersion = 15.0.26730.15
MinimumVisualStudioVersion = 10.0.40219.1
Project("{FAE04EC0-301F-11D3-BF4B-00C04F79EFBC}") = "Espionage", "Espionage\Espionage.csproj", "{86456AAB-B6A9-4CC1-9233-A5FDBCBC9F69}"
EndProject
Project("{FAE04EC0-301F-11D3-BF4B-00C04F79EFBC}") = "Espionage.Tests", "Espionage.Tests\Espionage.Tests.csproj", "{3B70455A-97E8-438D-B6CB-197C611866C1}"
EndProject
Global
	GlobalSection(SolutionConfigurationPlatforms) = preSolution
		Debug|Any CPU = Debug|Any CPU
		Release|Any CPU = Release|Any CPU
	EndGlobalSection
	GlobalSection(ProjectConfigurationPlatforms) = postSolution
		{86456AAB-B6A9-4CC1-9233-A5FDBCBC9F69}.Debug|Any CPU.ActiveCfg = Debug|Any CPU
		{86456AAB-B6A9-4CC1-9233-A5FDBCBC9F69}.Debug|Any CPU.Build.0 = Debug|Any CPU
		{86456AAB-B6A9-4CC1-9233-A5FDBCBC9F69}.Release|Any CPU.ActiveCfg = Release|Any CPU
		{86456AAB-B6A9-4CC1-9233-A5FDBCBC9F69}.Release|Any CPU.Build.0 = Release|Any CPU
		{3B70455A-97E8-438D-B6CB-197C611866C1}.Debug|Any CPU.ActiveCfg = Debug|Any CPU
		{3B70455A-97E8-438D-B6CB-197C611866C1}.Debug|Any CPU.Build.0 = Debug|Any CPU
		{3B70455A-97E8-438D-B6CB-197C611866C1}.Release|Any CPU.ActiveCfg = Release|Any CPU
		{3B70455A-97E8-438D-B6CB-197C611866C1}.Release|Any CPU.Build.0 = Release|Any CPU
	EndGlobalSection
	GlobalSection(SolutionProperties) = preSolution
		HideSolutionNode = FALSE
	EndGlobalSection
	GlobalSection(ExtensibilityGlobals) = postSolution
		SolutionGuid = {D10A2563-5252-4D05-976F-70EAE66ACA7B}
	EndGlobalSection
EndGlobal
